
Microsoft Visual Studio Solution File, Format Version 12.00
# Visual Studio Version 17
VisualStudioVersion = 17.12.35514.174
MinimumVisualStudioVersion = 10.0.40219.1
Project("{FAE04EC0-301F-11D3-BF4B-00C04F79EFBC}") = "ResortManagement", "ResortManagement\ResortManagement.csproj", "{352517F5-476C-4A54-ADA8-7458D48B2213}"
EndProject
Project("{FAE04EC0-301F-11D3-BF4B-00C04F79EFBC}") = "ResortManagement.Domain", "ResortManagement.Domain\ResortManagement.Domain.csproj", "{15B57628-3CF2-4F06-A0D2-0C1FE459CDB4}"
EndProject
Project("{FAE04EC0-301F-11D3-BF4B-00C04F79EFBC}") = "ResortManagement.Application", "ResortManagement.Application\ResortManagement.Application.csproj", "{D0F8EA7F-4AF5-4CAD-8E95-44B2187A93CA}"
EndProject
Project("{FAE04EC0-301F-11D3-BF4B-00C04F79EFBC}") = "ResortManagement.Infrastructure", "ResortManagement.Infrastructure\ResortManagement.Infrastructure.csproj", "{B7A1AAA8-7FEF-41DD-8927-4A5FC707F942}"
EndProject
Global
	GlobalSection(SolutionConfigurationPlatforms) = preSolution
		Debug|Any CPU = Debug|Any CPU
		Release|Any CPU = Release|Any CPU
	EndGlobalSection
	GlobalSection(ProjectConfigurationPlatforms) = postSolution
		{352517F5-476C-4A54-ADA8-7458D48B2213}.Debug|Any CPU.ActiveCfg = Debug|Any CPU
		{352517F5-476C-4A54-ADA8-7458D48B2213}.Debug|Any CPU.Build.0 = Debug|Any CPU
		{352517F5-476C-4A54-ADA8-7458D48B2213}.Release|Any CPU.ActiveCfg = Release|Any CPU
		{352517F5-476C-4A54-ADA8-7458D48B2213}.Release|Any CPU.Build.0 = Release|Any CPU
		{15B57628-3CF2-4F06-A0D2-0C1FE459CDB4}.Debug|Any CPU.ActiveCfg = Debug|Any CPU
		{15B57628-3CF2-4F06-A0D2-0C1FE459CDB4}.Debug|Any CPU.Build.0 = Debug|Any CPU
		{15B57628-3CF2-4F06-A0D2-0C1FE459CDB4}.Release|Any CPU.ActiveCfg = Release|Any CPU
		{15B57628-3CF2-4F06-A0D2-0C1FE459CDB4}.Release|Any CPU.Build.0 = Release|Any CPU
		{D0F8EA7F-4AF5-4CAD-8E95-44B2187A93CA}.Debug|Any CPU.ActiveCfg = Debug|Any CPU
		{D0F8EA7F-4AF5-4CAD-8E95-44B2187A93CA}.Debug|Any CPU.Build.0 = Debug|Any CPU
		{D0F8EA7F-4AF5-4CAD-8E95-44B2187A93CA}.Release|Any CPU.ActiveCfg = Release|Any CPU
		{D0F8EA7F-4AF5-4CAD-8E95-44B2187A93CA}.Release|Any CPU.Build.0 = Release|Any CPU
		{B7A1AAA8-7FEF-41DD-8927-4A5FC707F942}.Debug|Any CPU.ActiveCfg = Debug|Any CPU
		{B7A1AAA8-7FEF-41DD-8927-4A5FC707F942}.Debug|Any CPU.Build.0 = Debug|Any CPU
		{B7A1AAA8-7FEF-41DD-8927-4A5FC707F942}.Release|Any CPU.ActiveCfg = Release|Any CPU
		{B7A1AAA8-7FEF-41DD-8927-4A5FC707F942}.Release|Any CPU.Build.0 = Release|Any CPU
	EndGlobalSection
	GlobalSection(SolutionProperties) = preSolution
		HideSolutionNode = FALSE
	EndGlobalSection
EndGlobal
